
Microsoft Visual Studio Solution File, Format Version 12.00
# Visual Studio Version 17
VisualStudioVersion = 17.11.35312.102
MinimumVisualStudioVersion = 10.0.40219.1
Project("{FAE04EC0-301F-11D3-BF4B-00C04F79EFBC}") = "ProgramaGestion", "ProgramaGestion.csproj", "{3D332580-033F-4857-88AD-8336D2DAC871}"
EndProject
Global
	GlobalSection(SolutionConfigurationPlatforms) = preSolution
		Debug|Any CPU = Debug|Any CPU
		Release|Any CPU = Release|Any CPU
	EndGlobalSection
	GlobalSection(ProjectConfigurationPlatforms) = postSolution
		{3D332580-033F-4857-88AD-8336D2DAC871}.Debug|Any CPU.ActiveCfg = Debug|Any CPU
		{3D332580-033F-4857-88AD-8336D2DAC871}.Debug|Any CPU.Build.0 = Debug|Any CPU
		{3D332580-033F-4857-88AD-8336D2DAC871}.Release|Any CPU.ActiveCfg = Release|Any CPU
		{3D332580-033F-4857-88AD-8336D2DAC871}.Release|Any CPU.Build.0 = Release|Any CPU
	EndGlobalSection
	GlobalSection(SolutionProperties) = preSolution
		HideSolutionNode = FALSE
	EndGlobalSection
	GlobalSection(ExtensibilityGlobals) = postSolution
		SolutionGuid = {092DED1B-5B03-4A3D-8F7D-2BC2D86C7911}
	EndGlobalSection
EndGlobal
